<?xml version="1.0" encoding="utf-8"?>
<Project ToolsVersion="4.0" xmlns="http://schemas.microsoft.com/developer/msbuild/2003">
  <ItemGroup>
    <Filter Include="Source Files">
      <UniqueIdentifier>{4FC737F1-C7A5-4376-A066-2A32D752A2FF}</UniqueIdentifier>
      <Extensions>cpp;c;cc;cxx;def;odl;idl;hpj;bat;asm;asmx</Extensions>
    </Filter>
    <Filter Include="Header Files">
      <UniqueIdentifier>{93995380-89BD-4b04-88EB-625FBE52EBFB}</UniqueIdentifier>
      <Extensions>h;hh;hpp;hxx;hm;inl;inc;xsd</Extensions>
    </Filter>
    <Filter Include="Resource Files">
      <UniqueIdentifier>{67DA6AB6-F800-4c08-8B7A-83BB121AAD01}</UniqueIdentifier>
      <Extensions>rc;ico;cur;bmp;dlg;rc2;rct;bin;rgs;gif;jpg;jpeg;jpe;resx;tiff;tif;png;wav;mfcribbon-ms</Extensions>
    </Filter>
    <Filter Include="curl">
      <UniqueIdentifier>{349b106f-d0b9-4729-947b-dfc9647db45e}</UniqueIdentifier>
    </Filter>
    <Filter Include="json">
      <UniqueIdentifier>{d6c86d94-5a86-4094-a420-6bf548533fdb}</UniqueIdentifier>
    </Filter>
    <Filter Include="FemStore">
      <UniqueIdentifier>{14267c73-27cd-4cc4-bd30-f3a6b3d4d3c0}</UniqueIdentifier>
    </Filter>
  </ItemGroup>
  <ItemGroup>
    <ClInclude Include="targetver.h">
      <Filter>Header Files</Filter>
    </ClInclude>
    <ClInclude Include="resource.h">
      <Filter>Header Files</Filter>
    </ClInclude>
    <ClInclude Include="KinopoiskUpdateDlg.h">
      <Filter>Header Files</Filter>
    </ClInclude>
    <ClInclude Include="KinopoiskUpdate.h">
      <Filter>Header Files</Filter>
    </ClInclude>
    <ClInclude Include="..\VideoCat\json\assertions.h">
      <Filter>json</Filter>
    </ClInclude>
    <ClInclude Include="..\VideoCat\json\config.h">
      <Filter>json</Filter>
    </ClInclude>
    <ClInclude Include="..\VideoCat\json\forwards.h">
      <Filter>json</Filter>
    </ClInclude>
    <ClInclude Include="..\VideoCat\json\json.h">
      <Filter>json</Filter>
    </ClInclude>
    <ClInclude Include="..\VideoCat\json\json_tool.h">
      <Filter>json</Filter>
    </ClInclude>
    <ClInclude Include="..\VideoCat\json\reader.h">
      <Filter>json</Filter>
    </ClInclude>
    <ClInclude Include="..\VideoCat\json\value.h">
      <Filter>json</Filter>
    </ClInclude>
    <ClInclude Include="..\VideoCat\json\version.h">
      <Filter>json</Filter>
    </ClInclude>
    <ClInclude Include="..\VideoCat\json\writer.h">
      <Filter>json</Filter>
    </ClInclude>
    <ClInclude Include="..\VideoCat\genres.h">
      <Filter>Header Files</Filter>
    </ClInclude>
    <ClInclude Include="..\VideoCat\HexToUnicode.h">
      <Filter>Header Files</Filter>
    </ClInclude>
    <ClInclude Include="..\VideoCat\Kinopoisk\KinopoiskInfo.h">
      <Filter>Header Files</Filter>
    </ClInclude>
    <ClInclude Include="..\VideoCat\Kinopoisk\LoadKinopoiskPage.h">
      <Filter>Header Files</Filter>
    </ClInclude>
    <ClInclude Include="..\VideoCat\Kinopoisk\Kinopoisk.h">
      <Filter>Header Files</Filter>
    </ClInclude>
    <ClInclude Include="..\VideoCat\Kinopoisk\FilmDataBase.h">
      <Filter>Header Files</Filter>
    </ClInclude>
    <ClInclude Include="pch.h">
      <Filter>Header Files</Filter>
    </ClInclude>
    <ClInclude Include="..\VideoCat\BitmapTools.h">
      <Filter>Header Files</Filter>
    </ClInclude>
    <ClInclude Include="..\VideoCat\hash\MurmurHash3.h">
      <Filter>Header Files</Filter>
    </ClInclude>
    <ClInclude Include="..\VideoCat\Cyrillic.h">
      <Filter>Header Files</Filter>
    </ClInclude>
    <ClInclude Include="..\VideoCat\json\allocator.h">
      <Filter>Header Files</Filter>
    </ClInclude>
    <ClInclude Include="..\VideoCat\json\json_features.h">
      <Filter>Header Files</Filter>
    </ClInclude>
  </ItemGroup>
  <ItemGroup>
    <ClCompile Include="KinopoiskUpdate.cpp">
      <Filter>Source Files</Filter>
    </ClCompile>
    <ClCompile Include="KinopoiskUpdateDlg.cpp">
      <Filter>Source Files</Filter>
    </ClCompile>
    <ClCompile Include="..\VideoCat\json\json_reader.cpp">
      <Filter>json</Filter>
    </ClCompile>
    <ClCompile Include="..\VideoCat\json\json_value.cpp">
      <Filter>json</Filter>
    </ClCompile>
    <ClCompile Include="..\VideoCat\json\json_writer.cpp">
      <Filter>json</Filter>
    </ClCompile>
    <ClCompile Include="..\VideoCat\genres.cpp">
      <Filter>Source Files</Filter>
    </ClCompile>
    <ClCompile Include="..\VideoCat\HexToUnicode.cpp">
      <Filter>Source Files</Filter>
    </ClCompile>
    <ClCompile Include="..\VideoCat\Kinopoisk\LoadKinopoiskPage.cpp">
      <Filter>Source Files</Filter>
    </ClCompile>
    <ClCompile Include="..\VideoCat\Kinopoisk\Kinopoisk.cpp">
      <Filter>Source Files</Filter>
    </ClCompile>
    <ClCompile Include="..\VideoCat\Kinopoisk\FilmDataBase.cpp">
      <Filter>Source Files</Filter>
    </ClCompile>
    <ClCompile Include="..\VideoCat\Cyrillic.cpp">
      <Filter>Source Files</Filter>
    </ClCompile>
    <ClCompile Include="..\VideoCat\Translite.cpp">
      <Filter>Source Files</Filter>
    </ClCompile>
    <ClCompile Include="..\VideoCat\WaitDlg.cpp">
      <Filter>Source Files</Filter>
    </ClCompile>
    <ClCompile Include="..\VideoCat\ErrorDlg.cpp">
      <Filter>Source Files</Filter>
    </ClCompile>
    <ClCompile Include="..\VideoCat\CatHead.cpp">
      <Filter>Source Files</Filter>
    </ClCompile>
    <ClCompile Include="..\VideoCat\LoadPng.cpp">
      <Filter>Source Files</Filter>
    </ClCompile>
    <ClCompile Include="pch.cpp">
      <Filter>Source Files</Filter>
    </ClCompile>
    <ClCompile Include="..\VideoCat\BitmapTools.cpp">
      <Filter>Source Files</Filter>
    </ClCompile>
    <ClCompile Include="..\VideoCat\hash\MurmurHash3.cpp">
      <Filter>Source Files</Filter>
    </ClCompile>
  </ItemGroup>
  <ItemGroup>
    <ResourceCompile Include="KinopoiskUpdate.rc">
      <Filter>Resource Files</Filter>
    </ResourceCompile>
  </ItemGroup>
  <ItemGroup>
    <None Include="res\KinopoiskUpdate.rc2">
      <Filter>Resource Files</Filter>
    </None>
    <None Include="..\VideoCat\json\json_valueiterator.inl">
      <Filter>json</Filter>
    </None>
  </ItemGroup>
  <ItemGroup>
    <Image Include="res\KinopoiskUpdate.ico">
      <Filter>Resource Files</Filter>
    </Image>
  </ItemGroup>
</Project>