
Microsoft Visual Studio Solution File, Format Version 12.00
# Visual Studio Version 17
VisualStudioVersion = 17.0.32014.148
MinimumVisualStudioVersion = 10.0.40219.1
Project("{8BC9CEB8-8B4A-11D0-8D11-00A0C91BC942}") = "VideoCat", "VideoCat\VideoCat.vcxproj", "{F611CE99-D490-4082-B956-219D59838733}"
	ProjectSection(ProjectDependencies) = postProject
		{20AC907A-1D70-4AEE-B2BC-9BD37FD60BE5} = {20AC907A-1D70-4AEE-B2BC-9BD37FD60BE5}
		{8240F263-3CA5-41CA-97FC-EA33075ABF7C} = {8240F263-3CA5-41CA-97FC-EA33075ABF7C}
	EndProjectSection
EndProject
Project("{8BC9CEB8-8B4A-11D0-8D11-00A0C91BC942}") = "Thumbs", "Thumbs\Thumbs.vcxproj", "{454BC44B-0866-4F6D-B236-8276C5AA79A1}"
EndProject
Project("{8BC9CEB8-8B4A-11D0-8D11-00A0C91BC942}") = "KinopoiskUpdate", "KinopoiskUpdate\KinopoiskUpdate.vcxproj", "{A4CA701D-F4A6-48A8-9721-A90A9E1450A5}"
EndProject
Project("{8BC9CEB8-8B4A-11D0-8D11-00A0C91BC942}") = "Updater", "Updater\Updater.vcxproj", "{BA1A7451-39A9-44E6-8D64-3EA79CCEC79D}"
	ProjectSection(ProjectDependencies) = postProject
		{8240F263-3CA5-41CA-97FC-EA33075ABF7C} = {8240F263-3CA5-41CA-97FC-EA33075ABF7C}
	EndProjectSection
EndProject
Project("{8BC9CEB8-8B4A-11D0-8D11-00A0C91BC942}") = "SharedBase", "SharedBase\SharedBase.vcxproj", "{8240F263-3CA5-41CA-97FC-EA33075ABF7C}"
EndProject
Project("{8BC9CEB8-8B4A-11D0-8D11-00A0C91BC942}") = "Net", "Net\Net.vcxproj", "{20AC907A-1D70-4AEE-B2BC-9BD37FD60BE5}"
EndProject
Global
	GlobalSection(SolutionConfigurationPlatforms) = preSolution
		Debug|x64 = Debug|x64
		Release|x64 = Release|x64
	EndGlobalSection
	GlobalSection(ProjectConfigurationPlatforms) = postSolution
		{F611CE99-D490-4082-B956-219D59838733}.Debug|x64.ActiveCfg = Debug|x64
		{F611CE99-D490-4082-B956-219D59838733}.Debug|x64.Build.0 = Debug|x64
		{F611CE99-D490-4082-B956-219D59838733}.Release|x64.ActiveCfg = Release|x64
		{F611CE99-D490-4082-B956-219D59838733}.Release|x64.Build.0 = Release|x64
		{454BC44B-0866-4F6D-B236-8276C5AA79A1}.Debug|x64.ActiveCfg = Debug|x64
		{454BC44B-0866-4F6D-B236-8276C5AA79A1}.Release|x64.ActiveCfg = Release|x64
		{454BC44B-0866-4F6D-B236-8276C5AA79A1}.Release|x64.Build.0 = Release|x64
		{A4CA701D-F4A6-48A8-9721-A90A9E1450A5}.Debug|x64.ActiveCfg = Debug|x64
		{A4CA701D-F4A6-48A8-9721-A90A9E1450A5}.Release|x64.ActiveCfg = Release|x64
		{BA1A7451-39A9-44E6-8D64-3EA79CCEC79D}.Debug|x64.ActiveCfg = Debug|x64
		{BA1A7451-39A9-44E6-8D64-3EA79CCEC79D}.Release|x64.ActiveCfg = Release|x64
		{BA1A7451-39A9-44E6-8D64-3EA79CCEC79D}.Release|x64.Build.0 = Release|x64
		{8240F263-3CA5-41CA-97FC-EA33075ABF7C}.Debug|x64.ActiveCfg = Debug|x64
		{8240F263-3CA5-41CA-97FC-EA33075ABF7C}.Debug|x64.Build.0 = Debug|x64
		{8240F263-3CA5-41CA-97FC-EA33075ABF7C}.Release|x64.ActiveCfg = Release|x64
		{8240F263-3CA5-41CA-97FC-EA33075ABF7C}.Release|x64.Build.0 = Release|x64
		{20AC907A-1D70-4AEE-B2BC-9BD37FD60BE5}.Debug|x64.ActiveCfg = Debug|x64
		{20AC907A-1D70-4AEE-B2BC-9BD37FD60BE5}.Debug|x64.Build.0 = Debug|x64
		{20AC907A-1D70-4AEE-B2BC-9BD37FD60BE5}.Release|x64.ActiveCfg = Release|x64
		{20AC907A-1D70-4AEE-B2BC-9BD37FD60BE5}.Release|x64.Build.0 = Release|x64
	EndGlobalSection
	GlobalSection(SolutionProperties) = preSolution
		HideSolutionNode = FALSE
	EndGlobalSection
	GlobalSection(ExtensibilityGlobals) = postSolution
		SolutionGuid = {C2C86462-C56D-4EB5-B576-EC06B2C71075}
	EndGlobalSection
EndGlobal
