<?xml version="1.0" encoding="utf-8"?>
<Project ToolsVersion="4.0" xmlns="http://schemas.microsoft.com/developer/msbuild/2003">
  <ItemGroup>
    <Filter Include="Source Files">
      <UniqueIdentifier>{4FC737F1-C7A5-4376-A066-2A32D752A2FF}</UniqueIdentifier>
      <Extensions>cpp;c;cc;cxx;def;odl;idl;hpj;bat;asm;asmx</Extensions>
    </Filter>
    <Filter Include="Header Files">
      <UniqueIdentifier>{93995380-89BD-4b04-88EB-625FBE52EBFB}</UniqueIdentifier>
      <Extensions>h;hh;hpp;hxx;hm;inl;inc;xsd</Extensions>
    </Filter>
    <Filter Include="Resource Files">
      <UniqueIdentifier>{67DA6AB6-F800-4c08-8B7A-83BB121AAD01}</UniqueIdentifier>
      <Extensions>rc;ico;cur;bmp;dlg;rc2;rct;bin;rgs;gif;jpg;jpeg;jpe;resx;tiff;tif;png;wav;mfcribbon-ms</Extensions>
    </Filter>
  </ItemGroup>
  <ItemGroup>
    <ClInclude Include="VideoCat.h">
      <Filter>Header Files</Filter>
    </ClInclude>
    <ClInclude Include="targetver.h">
      <Filter>Header Files</Filter>
    </ClInclude>
    <ClInclude Include="MainFrm.h">
      <Filter>Header Files</Filter>
    </ClInclude>
    <ClInclude Include="VideoCatDoc.h">
      <Filter>Header Files</Filter>
    </ClInclude>
    <ClInclude Include="VideoCatView.h">
      <Filter>Header Files</Filter>
    </ClInclude>
    <ClInclude Include="Resource.h">
      <Filter>Header Files</Filter>
    </ClInclude>
    <ClInclude Include="VideoTreeView.h">
      <Filter>Header Files</Filter>
    </ClInclude>
    <ClInclude Include="About.h">
      <Filter>Header Files</Filter>
    </ClInclude>
    <ClInclude Include="poster.h">
      <Filter>Header Files</Filter>
    </ClInclude>
    <ClInclude Include="DisplayItem.h">
      <Filter>Header Files</Filter>
    </ClInclude>
    <ClInclude Include="PosterDownloader.h">
      <Filter>Header Files</Filter>
    </ClInclude>
    <ClInclude Include="ProgressDlg.h">
      <Filter>Header Files</Filter>
    </ClInclude>
    <ClInclude Include="Extensions.h">
      <Filter>Header Files</Filter>
    </ClInclude>
    <ClInclude Include="AviableFiles.h">
      <Filter>Header Files</Filter>
    </ClInclude>
    <ClInclude Include="NewFileExtension.h">
      <Filter>Header Files</Filter>
    </ClInclude>
    <ClInclude Include="Version.h">
      <Filter>Header Files</Filter>
    </ClInclude>
    <ClInclude Include="GlobalSettings.h">
      <Filter>Header Files</Filter>
    </ClInclude>
    <ClInclude Include="ShortcutDlg.h">
      <Filter>Header Files</Filter>
    </ClInclude>
    <ClInclude Include="GenreFilter.h">
      <Filter>Header Files</Filter>
    </ClInclude>
    <ClInclude Include="Cyrillic.h">
      <Filter>Header Files</Filter>
    </ClInclude>
    <ClInclude Include="SortPredicates.h">
      <Filter>Header Files</Filter>
    </ClInclude>
    <ClInclude Include="Translite.h">
      <Filter>Header Files</Filter>
    </ClInclude>
    <ClInclude Include="CatHead.h">
      <Filter>Header Files</Filter>
    </ClInclude>
    <ClInclude Include="json\assertions.h">
      <Filter>Header Files</Filter>
    </ClInclude>
    <ClInclude Include="json\config.h">
      <Filter>Header Files</Filter>
    </ClInclude>
    <ClInclude Include="json\forwards.h">
      <Filter>Header Files</Filter>
    </ClInclude>
    <ClInclude Include="json\json.h">
      <Filter>Header Files</Filter>
    </ClInclude>
    <ClInclude Include="json\reader.h">
      <Filter>Header Files</Filter>
    </ClInclude>
    <ClInclude Include="json\value.h">
      <Filter>Header Files</Filter>
    </ClInclude>
    <ClInclude Include="json\version.h">
      <Filter>Header Files</Filter>
    </ClInclude>
    <ClInclude Include="json\writer.h">
      <Filter>Header Files</Filter>
    </ClInclude>
    <ClInclude Include="json\json_tool.h">
      <Filter>Header Files</Filter>
    </ClInclude>
    <ClInclude Include="FileFormatSettings.h">
      <Filter>Header Files</Filter>
    </ClInclude>
    <ClInclude Include="FemStore\access.h">
      <Filter>Header Files</Filter>
    </ClInclude>
    <ClInclude Include="FemStore\array_wrap.h">
      <Filter>Header Files</Filter>
    </ClInclude>
    <ClInclude Include="FemStore\c_array.h">
      <Filter>Header Files</Filter>
    </ClInclude>
    <ClInclude Include="FemStore\femstore.h">
      <Filter>Header Files</Filter>
    </ClInclude>
    <ClInclude Include="FemStore\femstore_fwd.h">
      <Filter>Header Files</Filter>
    </ClInclude>
    <ClInclude Include="FemStore\reader.h">
      <Filter>Header Files</Filter>
    </ClInclude>
    <ClInclude Include="FemStore\std_array.h">
      <Filter>Header Files</Filter>
    </ClInclude>
    <ClInclude Include="FemStore\std_deque.h">
      <Filter>Header Files</Filter>
    </ClInclude>
    <ClInclude Include="FemStore\std_forward_list.h">
      <Filter>Header Files</Filter>
    </ClInclude>
    <ClInclude Include="FemStore\std_list.h">
      <Filter>Header Files</Filter>
    </ClInclude>
    <ClInclude Include="FemStore\std_map.h">
      <Filter>Header Files</Filter>
    </ClInclude>
    <ClInclude Include="FemStore\std_pair.h">
      <Filter>Header Files</Filter>
    </ClInclude>
    <ClInclude Include="FemStore\std_set.h">
      <Filter>Header Files</Filter>
    </ClInclude>
    <ClInclude Include="FemStore\std_string.h">
      <Filter>Header Files</Filter>
    </ClInclude>
    <ClInclude Include="FemStore\std_unordered_map.h">
      <Filter>Header Files</Filter>
    </ClInclude>
    <ClInclude Include="FemStore\std_vector.h">
      <Filter>Header Files</Filter>
    </ClInclude>
    <ClInclude Include="FemStore\StoreException.h">
      <Filter>Header Files</Filter>
    </ClInclude>
    <ClInclude Include="FemStore\types.h">
      <Filter>Header Files</Filter>
    </ClInclude>
    <ClInclude Include="FemStore\version.h">
      <Filter>Header Files</Filter>
    </ClInclude>
    <ClInclude Include="genres.h">
      <Filter>Header Files</Filter>
    </ClInclude>
    <ClInclude Include="HashItem.h">
      <Filter>Header Files</Filter>
    </ClInclude>
    <ClInclude Include="WaitDlg.h">
      <Filter>Header Files</Filter>
    </ClInclude>
    <ClInclude Include="AdvancedMenu.h">
      <Filter>Header Files</Filter>
    </ClInclude>
    <ClInclude Include="ShowPie.h">
      <Filter>Header Files</Filter>
    </ClInclude>
    <ClInclude Include="IconManager.h">
      <Filter>Header Files</Filter>
    </ClInclude>
    <ClInclude Include="LoadPng.h">
      <Filter>Header Files</Filter>
    </ClInclude>
    <ClInclude Include="ResString.h">
      <Filter>Header Files</Filter>
    </ClInclude>
    <ClInclude Include="EraseDlg.h">
      <Filter>Header Files</Filter>
    </ClInclude>
    <ClInclude Include="BehaviorDlg.h">
      <Filter>Header Files</Filter>
    </ClInclude>
    <ClInclude Include="LoadJpg.h">
      <Filter>Header Files</Filter>
    </ClInclude>
    <ClInclude Include="DuplicateDlg.h">
      <Filter>Header Files</Filter>
    </ClInclude>
    <ClInclude Include="MediaInfoDLL.h">
      <Filter>Header Files</Filter>
    </ClInclude>
    <ClInclude Include="MediaInfo.h">
      <Filter>Header Files</Filter>
    </ClInclude>
    <ClInclude Include="VividTree.h">
      <Filter>Header Files</Filter>
    </ClInclude>
    <ClInclude Include="SerialFillDlg.h">
      <Filter>Header Files</Filter>
    </ClInclude>
    <ClInclude Include="ErrorDlg.h">
      <Filter>Header Files</Filter>
    </ClInclude>
    <ClInclude Include="WinVerTest.h">
      <Filter>Header Files</Filter>
    </ClInclude>
    <ClInclude Include="SmartHdc.h">
      <Filter>Header Files</Filter>
    </ClInclude>
    <ClInclude Include="AddPerson.h">
      <Filter>Header Files</Filter>
    </ClInclude>
    <ClInclude Include="EntryHandle.h">
      <Filter>Header Files</Filter>
    </ClInclude>
    <ClInclude Include="Entry.h">
      <Filter>Header Files</Filter>
    </ClInclude>
    <ClInclude Include="TagManager.h">
      <Filter>Header Files</Filter>
    </ClInclude>
    <ClInclude Include="CollectionDB.h">
      <Filter>Header Files</Filter>
    </ClInclude>
    <ClInclude Include="GuidTool.h">
      <Filter>Header Files</Filter>
    </ClInclude>
    <ClInclude Include="CStringStore.h">
      <Filter>Header Files</Filter>
    </ClInclude>
    <ClInclude Include="FileStore\access.h">
      <Filter>Header Files</Filter>
    </ClInclude>
    <ClInclude Include="FileStore\array_wrap.h">
      <Filter>Header Files</Filter>
    </ClInclude>
    <ClInclude Include="FileStore\c_array.h">
      <Filter>Header Files</Filter>
    </ClInclude>
    <ClInclude Include="FileStore\femstore.h">
      <Filter>Header Files</Filter>
    </ClInclude>
    <ClInclude Include="FileStore\femstore_fwd.h">
      <Filter>Header Files</Filter>
    </ClInclude>
    <ClInclude Include="FileStore\reader.h">
      <Filter>Header Files</Filter>
    </ClInclude>
    <ClInclude Include="FileStore\std_array.h">
      <Filter>Header Files</Filter>
    </ClInclude>
    <ClInclude Include="FileStore\std_deque.h">
      <Filter>Header Files</Filter>
    </ClInclude>
    <ClInclude Include="FileStore\std_forward_list.h">
      <Filter>Header Files</Filter>
    </ClInclude>
    <ClInclude Include="FileStore\std_list.h">
      <Filter>Header Files</Filter>
    </ClInclude>
    <ClInclude Include="FileStore\std_map.h">
      <Filter>Header Files</Filter>
    </ClInclude>
    <ClInclude Include="FileStore\std_pair.h">
      <Filter>Header Files</Filter>
    </ClInclude>
    <ClInclude Include="FileStore\std_set.h">
      <Filter>Header Files</Filter>
    </ClInclude>
    <ClInclude Include="FileStore\std_string.h">
      <Filter>Header Files</Filter>
    </ClInclude>
    <ClInclude Include="FileStore\std_unordered_map.h">
      <Filter>Header Files</Filter>
    </ClInclude>
    <ClInclude Include="FileStore\std_vector.h">
      <Filter>Header Files</Filter>
    </ClInclude>
    <ClInclude Include="FileStore\StoreException.h">
      <Filter>Header Files</Filter>
    </ClInclude>
    <ClInclude Include="FileStore\types.h">
      <Filter>Header Files</Filter>
    </ClInclude>
    <ClInclude Include="FileStore\version.h">
      <Filter>Header Files</Filter>
    </ClInclude>
    <ClInclude Include="FileStore\writer.h">
      <Filter>Header Files</Filter>
    </ClInclude>
    <ClInclude Include="PersonInfo.h">
      <Filter>Header Files</Filter>
    </ClInclude>
    <ClInclude Include="SuperTooltip\MultiMonitor.h">
      <Filter>Header Files</Filter>
    </ClInclude>
    <ClInclude Include="SuperTooltip\PPDrawManager.h">
      <Filter>Header Files</Filter>
    </ClInclude>
    <ClInclude Include="SuperTooltip\PPHtmlDrawer.h">
      <Filter>Header Files</Filter>
    </ClInclude>
    <ClInclude Include="SuperTooltip\PPTooltip.h">
      <Filter>Header Files</Filter>
    </ClInclude>
    <ClInclude Include="SynchronizeFiles.h">
      <Filter>Header Files</Filter>
    </ClInclude>
    <ClInclude Include="ContextMenu.h">
      <Filter>Header Files</Filter>
    </ClInclude>
    <ClInclude Include="Traverse\FindByName.h">
      <Filter>Header Files</Filter>
    </ClInclude>
    <ClInclude Include="Traverse\FindByYear.h">
      <Filter>Header Files</Filter>
    </ClInclude>
    <ClInclude Include="Traverse\FindByGenres.h">
      <Filter>Header Files</Filter>
    </ClInclude>
    <ClInclude Include="Traverse\TraverseCollection.h">
      <Filter>Header Files</Filter>
    </ClInclude>
    <ClInclude Include="AdvancedToolTipCtrl.h">
      <Filter>Header Files</Filter>
    </ClInclude>
    <ClInclude Include="rev.h">
      <Filter>Header Files</Filter>
    </ClInclude>
    <ClInclude Include="Traverse\AllGenresTags.h">
      <Filter>Header Files</Filter>
    </ClInclude>
    <ClInclude Include="Traverse\FindByTags.h">
      <Filter>Header Files</Filter>
    </ClInclude>
    <ClInclude Include="Traverse\CountViewedFilms.h">
      <Filter>Header Files</Filter>
    </ClInclude>
    <ClInclude Include="ThumbGenerator.h">
      <Filter>Header Files</Filter>
    </ClInclude>
    <ClInclude Include="Kinopoisk\LoadFilmInfo.h">
      <Filter>Header Files</Filter>
    </ClInclude>
    <ClInclude Include="Kinopoisk\LoadSerialEpisodes.h">
      <Filter>Header Files</Filter>
    </ClInclude>
    <ClInclude Include="Kinopoisk\Kinopoisk.h">
      <Filter>Header Files</Filter>
    </ClInclude>
    <ClInclude Include="Kinopoisk\KinopoiskInfo.h">
      <Filter>Header Files</Filter>
    </ClInclude>
    <ClInclude Include="Kinopoisk\FilmDataBase.h">
      <Filter>Header Files</Filter>
    </ClInclude>
    <ClInclude Include="TestPassword.h">
      <Filter>Header Files</Filter>
    </ClInclude>
    <ClInclude Include="ExcludedPathDlg.h">
      <Filter>Header Files</Filter>
    </ClInclude>
    <ClInclude Include="SynchronizeDlg.h">
      <Filter>Header Files</Filter>
    </ClInclude>
    <ClInclude Include="Kinopoisk\LoadKinopoiskPage.h">
      <Filter>Header Files</Filter>
    </ClInclude>
    <ClInclude Include="ProxySettings.h">
      <Filter>Header Files</Filter>
    </ClInclude>
    <ClInclude Include="License\KeySerialize.h">
      <Filter>Header Files</Filter>
    </ClInclude>
    <ClInclude Include="License\LicenseBox.h">
      <Filter>Header Files</Filter>
    </ClInclude>
    <ClInclude Include="PrivateLock.h">
      <Filter>Header Files</Filter>
    </ClInclude>
    <ClInclude Include="EditCard.h">
      <Filter>Header Files</Filter>
    </ClInclude>
    <ClInclude Include="CardTabCtrl.h">
      <Filter>Header Files</Filter>
    </ClInclude>
    <ClInclude Include="CardAutoFill.h">
      <Filter>Header Files</Filter>
    </ClInclude>
    <ClInclude Include="CardFilmInfo.h">
      <Filter>Header Files</Filter>
    </ClInclude>
    <ClInclude Include="CardDescription.h">
      <Filter>Header Files</Filter>
    </ClInclude>
    <ClInclude Include="PluginManager.h">
      <Filter>Header Files</Filter>
    </ClInclude>
    <ClInclude Include="CardPoster.h">
      <Filter>Header Files</Filter>
    </ClInclude>
    <ClInclude Include="CardTechInfo.h">
      <Filter>Header Files</Filter>
    </ClInclude>
    <ClInclude Include="CardPageBase.h">
      <Filter>Header Files</Filter>
    </ClInclude>
    <ClInclude Include="SelectAutofillPlugin.h">
      <Filter>Header Files</Filter>
    </ClInclude>
    <ClInclude Include="TipOfDay.h">
      <Filter>Header Files</Filter>
    </ClInclude>
    <ClInclude Include="ViewStyleDlg.h">
      <Filter>Header Files</Filter>
    </ClInclude>
    <ClInclude Include="plugin\ArchividImport.h">
      <Filter>Header Files</Filter>
    </ClInclude>
    <ClInclude Include="plugin\AndroidExport.h">
      <Filter>Header Files</Filter>
    </ClInclude>
    <ClInclude Include="plugin\AndroidExportDlg.h">
      <Filter>Header Files</Filter>
    </ClInclude>
    <ClInclude Include="CheckBoxList.h">
      <Filter>Header Files</Filter>
    </ClInclude>
    <ClInclude Include="RenameDialog.h">
      <Filter>Header Files</Filter>
    </ClInclude>
    <ClInclude Include="IsValidFileName.h">
      <Filter>Header Files</Filter>
    </ClInclude>
    <ClInclude Include="TestIP.h">
      <Filter>Header Files</Filter>
    </ClInclude>
    <ClInclude Include="CopyWebPageDlg.h">
      <Filter>Header Files</Filter>
    </ClInclude>
    <ClInclude Include="ColorTheme.h">
      <Filter>Header Files</Filter>
    </ClInclude>
    <ClInclude Include="ViewStyle.h">
      <Filter>Header Files</Filter>
    </ClInclude>
    <ClInclude Include="BitmapTools.h">
      <Filter>Header Files</Filter>
    </ClInclude>
    <ClInclude Include="ThemeEditor.h">
      <Filter>Header Files</Filter>
    </ClInclude>
    <ClInclude Include="ThemeBgPage.h">
      <Filter>Header Files</Filter>
    </ClInclude>
    <ClInclude Include="ThemeTilePage.h">
      <Filter>Header Files</Filter>
    </ClInclude>
    <ClInclude Include="ThemeShadowPage.h">
      <Filter>Header Files</Filter>
    </ClInclude>
    <ClInclude Include="CommandManager.h">
      <Filter>Header Files</Filter>
    </ClInclude>
    <ClInclude Include="ThemeListPage.h">
      <Filter>Header Files</Filter>
    </ClInclude>
    <ClInclude Include="CollapseGroupBox.h">
      <Filter>Header Files</Filter>
    </ClInclude>
    <ClInclude Include="XPGroupBox.h">
      <Filter>Header Files</Filter>
    </ClInclude>
    <ClInclude Include="ThemeTreePage.h">
      <Filter>Header Files</Filter>
    </ClInclude>
    <ClInclude Include="ThemeMenuPage.h">
      <Filter>Header Files</Filter>
    </ClInclude>
    <ClInclude Include="ThemeName.h">
      <Filter>Header Files</Filter>
    </ClInclude>
    <ClInclude Include="ManageCollectionsDlg.h">
      <Filter>Header Files</Filter>
    </ClInclude>
    <ClInclude Include="Commands\CommandInfo.h">
      <Filter>Header Files</Filter>
    </ClInclude>
    <ClInclude Include="Commands\CommandID.h">
      <Filter>Header Files</Filter>
    </ClInclude>
    <ClInclude Include="Commands\CommandExecute.h">
      <Filter>Header Files</Filter>
    </ClInclude>
    <ClInclude Include="Commands\RegisterAllCommands.h">
      <Filter>Header Files</Filter>
    </ClInclude>
    <ClInclude Include="AdvancedButton.h">
      <Filter>Header Files</Filter>
    </ClInclude>
    <ClInclude Include="CommentBox.h">
      <Filter>Header Files</Filter>
    </ClInclude>
    <ClInclude Include="pch.h">
      <Filter>Header Files</Filter>
    </ClInclude>
    <ClInclude Include="CreateCollectionDlg.h">
      <Filter>Header Files</Filter>
    </ClInclude>
    <ClInclude Include="framework.h">
      <Filter>Header Files</Filter>
    </ClInclude>
    <ClInclude Include="AddCollectionDlg.h">
      <Filter>Header Files</Filter>
    </ClInclude>
    <ClInclude Include="CreateRootDlg.h">
      <Filter>Header Files</Filter>
    </ClInclude>
    <ClInclude Include="EditRealRootDlg.h">
      <Filter>Header Files</Filter>
    </ClInclude>
    <ClInclude Include="ManageRootDirDlg.h">
      <Filter>Header Files</Filter>
    </ClInclude>
    <ClInclude Include="CommentButton.h">
      <Filter>Header Files</Filter>
    </ClInclude>
    <ClInclude Include="DeleteRootDlg.h">
      <Filter>Header Files</Filter>
    </ClInclude>
    <ClInclude Include="ProgramSettingsDlg.h">
      <Filter>Header Files</Filter>
    </ClInclude>
    <ClInclude Include="RootRenameDlg.h">
      <Filter>Header Files</Filter>
    </ClInclude>
    <ClInclude Include="EditToolbarDlg.h">
      <Filter>Header Files</Filter>
    </ClInclude>
    <ClInclude Include="ThumbnailSettingsDlg.h">
      <Filter>Header Files</Filter>
    </ClInclude>
    <ClInclude Include="License\Blowfish.h">
      <Filter>Header Files</Filter>
    </ClInclude>
    <ClInclude Include="FirstRunDlg.h">
      <Filter>Header Files</Filter>
    </ClInclude>
    <ClInclude Include="CopyFolderDataDlg.h">
      <Filter>Header Files</Filter>
    </ClInclude>
    <ClInclude Include="SetWin10Theme.h">
      <Filter>Header Files</Filter>
    </ClInclude>
    <ClInclude Include="FlatSplitterWnd.h">
      <Filter>Header Files</Filter>
    </ClInclude>
    <ClInclude Include="ScrollHelper.h">
      <Filter>Header Files</Filter>
    </ClInclude>
    <ClInclude Include="ListBoxCH.h">
      <Filter>Header Files</Filter>
    </ClInclude>
    <ClInclude Include="OnscreenKeyboardDlg.h">
      <Filter>Header Files</Filter>
    </ClInclude>
    <ClInclude Include="hash\MurmurHash3.h">
      <Filter>Header Files</Filter>
    </ClInclude>
    <ClInclude Include="CollectionMaintenanceDlg.h">
      <Filter>Header Files</Filter>
    </ClInclude>
    <ClInclude Include="CreateBackupDlg.h">
      <Filter>Header Files</Filter>
    </ClInclude>
    <ClInclude Include="LoadBackupDlg.h">
      <Filter>Header Files</Filter>
    </ClInclude>
    <ClInclude Include="json\allocator.h">
      <Filter>Header Files</Filter>
    </ClInclude>
    <ClInclude Include="json\json_features.h">
      <Filter>Header Files</Filter>
    </ClInclude>
    <ClInclude Include="CameraViewDlg.h">
      <Filter>Header Files</Filter>
    </ClInclude>
    <ClInclude Include="ImageData.h">
      <Filter>Header Files</Filter>
    </ClInclude>
    <ClInclude Include="VideoInput\videoInput.h">
      <Filter>Header Files</Filter>
    </ClInclude>
    <ClInclude Include="EdgeBrowser\ComponentBase.h">
      <Filter>Header Files</Filter>
    </ClInclude>
    <ClInclude Include="EdgeBrowser\ViewComponent.h">
      <Filter>Header Files</Filter>
    </ClInclude>
  </ItemGroup>
  <ItemGroup>
    <ClCompile Include="VideoCat.cpp">
      <Filter>Source Files</Filter>
    </ClCompile>
    <ClCompile Include="MainFrm.cpp">
      <Filter>Source Files</Filter>
    </ClCompile>
    <ClCompile Include="VideoCatDoc.cpp">
      <Filter>Source Files</Filter>
    </ClCompile>
    <ClCompile Include="VideoCatView.cpp">
      <Filter>Source Files</Filter>
    </ClCompile>
    <ClCompile Include="VideoTreeView.cpp">
      <Filter>Source Files</Filter>
    </ClCompile>
    <ClCompile Include="About.cpp">
      <Filter>Source Files</Filter>
    </ClCompile>
    <ClCompile Include="DisplayItem.cpp">
      <Filter>Source Files</Filter>
    </ClCompile>
    <ClCompile Include="poster.cpp">
      <Filter>Source Files</Filter>
    </ClCompile>
    <ClCompile Include="PosterDownloader.cpp">
      <Filter>Source Files</Filter>
    </ClCompile>
    <ClCompile Include="ProgressDlg.cpp">
      <Filter>Source Files</Filter>
    </ClCompile>
    <ClCompile Include="NewFileExtension.cpp">
      <Filter>Source Files</Filter>
    </ClCompile>
    <ClCompile Include="Version.cpp">
      <Filter>Source Files</Filter>
    </ClCompile>
    <ClCompile Include="GlobalSettings.cpp">
      <Filter>Source Files</Filter>
    </ClCompile>
    <ClCompile Include="ShortcutDlg.cpp">
      <Filter>Source Files</Filter>
    </ClCompile>
    <ClCompile Include="GenreFilter.cpp">
      <Filter>Source Files</Filter>
    </ClCompile>
    <ClCompile Include="Cyrillic.cpp">
      <Filter>Source Files</Filter>
    </ClCompile>
    <ClCompile Include="SortPredicates.cpp">
      <Filter>Source Files</Filter>
    </ClCompile>
    <ClCompile Include="Translite.cpp">
      <Filter>Source Files</Filter>
    </ClCompile>
    <ClCompile Include="CatHead.cpp">
      <Filter>Source Files</Filter>
    </ClCompile>
    <ClCompile Include="FileFormatSettings.cpp">
      <Filter>Source Files</Filter>
    </ClCompile>
    <ClCompile Include="genres.cpp">
      <Filter>Source Files</Filter>
    </ClCompile>
    <ClCompile Include="HashItem.cpp">
      <Filter>Source Files</Filter>
    </ClCompile>
    <ClCompile Include="WaitDlg.cpp">
      <Filter>Source Files</Filter>
    </ClCompile>
    <ClCompile Include="AdvancedMenu.cpp">
      <Filter>Source Files</Filter>
    </ClCompile>
    <ClCompile Include="ShowPie.cpp">
      <Filter>Source Files</Filter>
    </ClCompile>
    <ClCompile Include="IconManager.cpp">
      <Filter>Source Files</Filter>
    </ClCompile>
    <ClCompile Include="EraseDlg.cpp">
      <Filter>Source Files</Filter>
    </ClCompile>
    <ClCompile Include="BehaviorDlg.cpp">
      <Filter>Source Files</Filter>
    </ClCompile>
    <ClCompile Include="DuplicateDlg.cpp">
      <Filter>Source Files</Filter>
    </ClCompile>
    <ClCompile Include="MediaInfo.cpp">
      <Filter>Source Files</Filter>
    </ClCompile>
    <ClCompile Include="VividTree.cpp">
      <Filter>Source Files</Filter>
    </ClCompile>
    <ClCompile Include="SerialFillDlg.cpp">
      <Filter>Source Files</Filter>
    </ClCompile>
    <ClCompile Include="ErrorDlg.cpp">
      <Filter>Source Files</Filter>
    </ClCompile>
    <ClCompile Include="WinVerTest.cpp">
      <Filter>Source Files</Filter>
    </ClCompile>
    <ClCompile Include="AddPerson.cpp">
      <Filter>Source Files</Filter>
    </ClCompile>
    <ClCompile Include="EntryHandle.cpp">
      <Filter>Source Files</Filter>
    </ClCompile>
    <ClCompile Include="TagManager.cpp">
      <Filter>Source Files</Filter>
    </ClCompile>
    <ClCompile Include="CollectionDB.cpp">
      <Filter>Source Files</Filter>
    </ClCompile>
    <ClCompile Include="GuidTool.cpp">
      <Filter>Source Files</Filter>
    </ClCompile>
    <ClCompile Include="Entry.cpp">
      <Filter>Source Files</Filter>
    </ClCompile>
    <ClCompile Include="ResString.cpp">
      <Filter>Source Files</Filter>
    </ClCompile>
    <ClCompile Include="SynchronizeFiles.cpp">
      <Filter>Source Files</Filter>
    </ClCompile>
    <ClCompile Include="ContextMenu.cpp">
      <Filter>Source Files</Filter>
    </ClCompile>
    <ClCompile Include="AdvancedToolTipCtrl.cpp">
      <Filter>Source Files</Filter>
    </ClCompile>
    <ClCompile Include="ThumbGenerator.cpp">
      <Filter>Source Files</Filter>
    </ClCompile>
    <ClCompile Include="Kinopoisk\LoadFilmInfo.cpp">
      <Filter>Source Files</Filter>
    </ClCompile>
    <ClCompile Include="Kinopoisk\LoadSerialEpisodes.cpp">
      <Filter>Source Files</Filter>
    </ClCompile>
    <ClCompile Include="Kinopoisk\Kinopoisk.cpp">
      <Filter>Source Files</Filter>
    </ClCompile>
    <ClCompile Include="Kinopoisk\FilmDataBase.cpp">
      <Filter>Source Files</Filter>
    </ClCompile>
    <ClCompile Include="TestPassword.cpp">
      <Filter>Source Files</Filter>
    </ClCompile>
    <ClCompile Include="ExcludedPathDlg.cpp">
      <Filter>Source Files</Filter>
    </ClCompile>
    <ClCompile Include="SynchronizeDlg.cpp">
      <Filter>Source Files</Filter>
    </ClCompile>
    <ClCompile Include="Kinopoisk\LoadKinopoiskPage.cpp">
      <Filter>Source Files</Filter>
    </ClCompile>
    <ClCompile Include="ProxySettings.cpp">
      <Filter>Source Files</Filter>
    </ClCompile>
    <ClCompile Include="License\KeySerialize.cpp">
      <Filter>Source Files</Filter>
    </ClCompile>
    <ClCompile Include="License\LicenseBox.cpp">
      <Filter>Source Files</Filter>
    </ClCompile>
    <ClCompile Include="LoadPng.cpp">
      <Filter>Source Files</Filter>
    </ClCompile>
    <ClCompile Include="PersonInfo.cpp">
      <Filter>Source Files</Filter>
    </ClCompile>
    <ClCompile Include="PrivateLock.cpp">
      <Filter>Source Files</Filter>
    </ClCompile>
    <ClCompile Include="EditCard.cpp">
      <Filter>Source Files</Filter>
    </ClCompile>
    <ClCompile Include="CardTabCtrl.cpp">
      <Filter>Source Files</Filter>
    </ClCompile>
    <ClCompile Include="CardAutoFill.cpp">
      <Filter>Source Files</Filter>
    </ClCompile>
    <ClCompile Include="CardFilmInfo.cpp">
      <Filter>Source Files</Filter>
    </ClCompile>
    <ClCompile Include="CardDescription.cpp">
      <Filter>Source Files</Filter>
    </ClCompile>
    <ClCompile Include="PluginManager.cpp">
      <Filter>Source Files</Filter>
    </ClCompile>
    <ClCompile Include="CardPoster.cpp">
      <Filter>Source Files</Filter>
    </ClCompile>
    <ClCompile Include="CardTechInfo.cpp">
      <Filter>Source Files</Filter>
    </ClCompile>
    <ClCompile Include="SelectAutofillPlugin.cpp">
      <Filter>Source Files</Filter>
    </ClCompile>
    <ClCompile Include="TipOfDay.cpp">
      <Filter>Source Files</Filter>
    </ClCompile>
    <ClCompile Include="ViewStyleDlg.cpp">
      <Filter>Source Files</Filter>
    </ClCompile>
    <ClCompile Include="plugin\ArchividImport.cpp">
      <Filter>Source Files</Filter>
    </ClCompile>
    <ClCompile Include="plugin\AndroidExport.cpp">
      <Filter>Source Files</Filter>
    </ClCompile>
    <ClCompile Include="plugin\AndroidExportDlg.cpp">
      <Filter>Source Files</Filter>
    </ClCompile>
    <ClCompile Include="CheckBoxList.cpp">
      <Filter>Source Files</Filter>
    </ClCompile>
    <ClCompile Include="RenameDialog.cpp">
      <Filter>Source Files</Filter>
    </ClCompile>
    <ClCompile Include="IsValidFileName.cpp">
      <Filter>Source Files</Filter>
    </ClCompile>
    <ClCompile Include="TestIP.cpp">
      <Filter>Source Files</Filter>
    </ClCompile>
    <ClCompile Include="CopyWebPageDlg.cpp">
      <Filter>Source Files</Filter>
    </ClCompile>
    <ClCompile Include="ViewStyle.cpp">
      <Filter>Source Files</Filter>
    </ClCompile>
    <ClCompile Include="BitmapTools.cpp">
      <Filter>Source Files</Filter>
    </ClCompile>
    <ClCompile Include="ThemeEditor.cpp">
      <Filter>Source Files</Filter>
    </ClCompile>
    <ClCompile Include="ThemeBgPage.cpp">
      <Filter>Source Files</Filter>
    </ClCompile>
    <ClCompile Include="ThemeTilePage.cpp">
      <Filter>Source Files</Filter>
    </ClCompile>
    <ClCompile Include="ThemeShadowPage.cpp">
      <Filter>Source Files</Filter>
    </ClCompile>
    <ClCompile Include="CommandManager.cpp">
      <Filter>Source Files</Filter>
    </ClCompile>
    <ClCompile Include="ThemeListPage.cpp">
      <Filter>Source Files</Filter>
    </ClCompile>
    <ClCompile Include="CollapseGroupBox.cpp">
      <Filter>Source Files</Filter>
    </ClCompile>
    <ClCompile Include="XPGroupBox.cpp">
      <Filter>Source Files</Filter>
    </ClCompile>
    <ClCompile Include="ThemeTreePage.cpp">
      <Filter>Source Files</Filter>
    </ClCompile>
    <ClCompile Include="ThemeMenuPage.cpp">
      <Filter>Source Files</Filter>
    </ClCompile>
    <ClCompile Include="ThemeName.cpp">
      <Filter>Source Files</Filter>
    </ClCompile>
    <ClCompile Include="ManageCollectionsDlg.cpp">
      <Filter>Source Files</Filter>
    </ClCompile>
    <ClCompile Include="Commands\CommandExecute.cpp">
      <Filter>Source Files</Filter>
    </ClCompile>
    <ClCompile Include="Commands\ManageCollections.cpp">
      <Filter>Source Files</Filter>
    </ClCompile>
    <ClCompile Include="Commands\RegisterAllCommands.cpp">
      <Filter>Source Files</Filter>
    </ClCompile>
    <ClCompile Include="Commands\AboutVideocat.cpp">
      <Filter>Source Files</Filter>
    </ClCompile>
    <ClCompile Include="AdvancedButton.cpp">
      <Filter>Source Files</Filter>
    </ClCompile>
    <ClCompile Include="CommentBox.cpp">
      <Filter>Source Files</Filter>
    </ClCompile>
    <ClCompile Include="pch.cpp">
      <Filter>Source Files</Filter>
    </ClCompile>
    <ClCompile Include="CreateCollectionDlg.cpp">
      <Filter>Source Files</Filter>
    </ClCompile>
    <ClCompile Include="AddCollectionDlg.cpp">
      <Filter>Source Files</Filter>
    </ClCompile>
    <ClCompile Include="CreateRootDlg.cpp">
      <Filter>Source Files</Filter>
    </ClCompile>
    <ClCompile Include="EditRealRootDlg.cpp">
      <Filter>Source Files</Filter>
    </ClCompile>
    <ClCompile Include="ManageRootDirDlg.cpp">
      <Filter>Source Files</Filter>
    </ClCompile>
    <ClCompile Include="Commands\ManageRoots.cpp">
      <Filter>Source Files</Filter>
    </ClCompile>
    <ClCompile Include="CommentButton.cpp">
      <Filter>Source Files</Filter>
    </ClCompile>
    <ClCompile Include="DeleteRootDlg.cpp">
      <Filter>Source Files</Filter>
    </ClCompile>
    <ClCompile Include="Commands\OpenForum.cpp">
      <Filter>Source Files</Filter>
    </ClCompile>
    <ClCompile Include="Commands\ProgramSettings.cpp">
      <Filter>Source Files</Filter>
    </ClCompile>
    <ClCompile Include="ProgramSettingsDlg.cpp">
      <Filter>Source Files</Filter>
    </ClCompile>
    <ClCompile Include="Commands\Statistic.cpp">
      <Filter>Source Files</Filter>
    </ClCompile>
    <ClCompile Include="Commands\ExportToAndroid.cpp">
      <Filter>Source Files</Filter>
    </ClCompile>
    <ClCompile Include="Commands\ExportToCSV.cpp">
      <Filter>Source Files</Filter>
    </ClCompile>
    <ClCompile Include="Commands\ImportFromArchivid.cpp">
      <Filter>Source Files</Filter>
    </ClCompile>
    <ClCompile Include="RootRenameDlg.cpp">
      <Filter>Source Files</Filter>
    </ClCompile>
    <ClCompile Include="Commands\EditEntry.cpp">
      <Filter>Source Files</Filter>
    </ClCompile>
    <ClCompile Include="Commands\OpenYoutube.cpp">
      <Filter>Source Files</Filter>
    </ClCompile>
    <ClCompile Include="Commands\OpenEntry.cpp">
      <Filter>Source Files</Filter>
    </ClCompile>
    <ClCompile Include="Commands\OpenURL.cpp">
      <Filter>Source Files</Filter>
    </ClCompile>
    <ClCompile Include="Commands\ShowSimilarFilms.cpp">
      <Filter>Source Files</Filter>
    </ClCompile>
    <ClCompile Include="Commands\RenameEntry.cpp">
      <Filter>Source Files</Filter>
    </ClCompile>
    <ClCompile Include="Commands\GenerateThumbnails.cpp">
      <Filter>Source Files</Filter>
    </ClCompile>
    <ClCompile Include="Commands\AutoFillSeries.cpp">
      <Filter>Source Files</Filter>
    </ClCompile>
    <ClCompile Include="Commands\AutoSetFilmInfo.cpp">
      <Filter>Source Files</Filter>
    </ClCompile>
    <ClCompile Include="Commands\SynchronizeFolder.cpp">
      <Filter>Source Files</Filter>
    </ClCompile>
    <ClCompile Include="Commands\CreatePosterFromScreenshot.cpp">
      <Filter>Source Files</Filter>
    </ClCompile>
    <ClCompile Include="Commands\AddVirtualFilm.cpp">
      <Filter>Source Files</Filter>
    </ClCompile>
    <ClCompile Include="Commands\AddVirtualFolder.cpp">
      <Filter>Source Files</Filter>
    </ClCompile>
    <ClCompile Include="Commands\AddVirtualPerson.cpp">
      <Filter>Source Files</Filter>
    </ClCompile>
    <ClCompile Include="Commands\UpdateVirtualPerson.cpp">
      <Filter>Source Files</Filter>
    </ClCompile>
    <ClCompile Include="Commands\DeleteVirtualFilm.cpp">
      <Filter>Source Files</Filter>
    </ClCompile>
    <ClCompile Include="Commands\DeleteVirtualPerson.cpp">
      <Filter>Source Files</Filter>
    </ClCompile>
    <ClCompile Include="Commands\DeleteVirtualFolder.cpp">
      <Filter>Source Files</Filter>
    </ClCompile>
    <ClCompile Include="Commands\ChangeSortPredicate.cpp">
      <Filter>Source Files</Filter>
    </ClCompile>
    <ClCompile Include="Commands\EraseFilmsInfo.cpp">
      <Filter>Source Files</Filter>
    </ClCompile>
    <ClCompile Include="Commands\ShowLastViewed.cpp">
      <Filter>Source Files</Filter>
    </ClCompile>
    <ClCompile Include="Commands\ShowRandomFilms.cpp">
      <Filter>Source Files</Filter>
    </ClCompile>
    <ClCompile Include="Commands\ShowNewFilms.cpp">
      <Filter>Source Files</Filter>
    </ClCompile>
    <ClCompile Include="Commands\PrivateLockFolder.cpp">
      <Filter>Source Files</Filter>
    </ClCompile>
    <ClCompile Include="Commands\PrivateUnlockFolder.cpp">
      <Filter>Source Files</Filter>
    </ClCompile>
    <ClCompile Include="Commands\EditToolbar.cpp">
      <Filter>Source Files</Filter>
    </ClCompile>
    <ClCompile Include="EditToolbarDlg.cpp">
      <Filter>Source Files</Filter>
    </ClCompile>
    <ClCompile Include="ThumbnailSettingsDlg.cpp">
      <Filter>Source Files</Filter>
    </ClCompile>
    <ClCompile Include="License\BlowFish.cpp">
      <Filter>Source Files</Filter>
    </ClCompile>
    <ClCompile Include="FirstRunDlg.cpp">
      <Filter>Source Files</Filter>
    </ClCompile>
    <ClCompile Include="CopyFolderDataDlg.cpp">
      <Filter>Source Files</Filter>
    </ClCompile>
    <ClCompile Include="Commands\CopyInfoFromFolder.cpp">
      <Filter>Source Files</Filter>
    </ClCompile>
    <ClCompile Include="SetWin10Theme.cpp">
      <Filter>Source Files</Filter>
    </ClCompile>
    <ClCompile Include="FlatSplitterWnd.cpp">
      <Filter>Source Files</Filter>
    </ClCompile>
    <ClCompile Include="ScrollHelper.cpp">
      <Filter>Source Files</Filter>
    </ClCompile>
    <ClCompile Include="ListBoxCH.cpp">
      <Filter>Source Files</Filter>
    </ClCompile>
    <ClCompile Include="OnscreenKeyboardDlg.cpp">
      <Filter>Source Files</Filter>
    </ClCompile>
    <ClCompile Include="Commands\OskFindByName.cpp">
      <Filter>Source Files</Filter>
    </ClCompile>
    <ClCompile Include="hash\MurmurHash3.cpp">
      <Filter>Source Files</Filter>
    </ClCompile>
    <ClCompile Include="CollectionMaintenanceDlg.cpp">
      <Filter>Source Files</Filter>
    </ClCompile>
    <ClCompile Include="Maintenance.cpp">
      <Filter>Source Files</Filter>
    </ClCompile>
    <ClCompile Include="CreateBackupDlg.cpp">
      <Filter>Source Files</Filter>
    </ClCompile>
    <ClCompile Include="LoadBackupDlg.cpp">
      <Filter>Source Files</Filter>
    </ClCompile>
    <ClCompile Include="CameraViewDlg.cpp">
      <Filter>Source Files</Filter>
    </ClCompile>
    <ClCompile Include="ImageData.cpp">
      <Filter>Source Files</Filter>
    </ClCompile>
    <ClCompile Include="VideoInput\videoInput.cpp">
      <Filter>Source Files</Filter>
    </ClCompile>
    <ClCompile Include="json\json_reader.cpp">
      <Filter>Source Files</Filter>
    </ClCompile>
    <ClCompile Include="json\json_value.cpp">
      <Filter>Source Files</Filter>
    </ClCompile>
    <ClCompile Include="json\json_writer.cpp">
      <Filter>Source Files</Filter>
    </ClCompile>
    <ClCompile Include="EdgeBrowser\ViewComponent.cpp">
      <Filter>Source Files</Filter>
    </ClCompile>
  </ItemGroup>
  <ItemGroup>
    <ResourceCompile Include="VideoCat.rc">
      <Filter>Resource Files</Filter>
    </ResourceCompile>
  </ItemGroup>
  <ItemGroup>
    <Image Include="res\VideoCatDoc.ico">
      <Filter>Resource Files</Filter>
    </Image>
    <Image Include="res\VideoCat.ico">
      <Filter>Resource Files</Filter>
    </Image>
    <Image Include="res\selected.bmp">
      <Filter>Resource Files</Filter>
    </Image>
    <Image Include="res\VideoCat.bmp">
      <Filter>Resource Files</Filter>
    </Image>
    <Image Include="res\noposter.bmp">
      <Filter>Resource Files</Filter>
    </Image>
    <Image Include="res\folder.bmp">
      <Filter>Resource Files</Filter>
    </Image>
    <Image Include="res\bitmap2.bmp">
      <Filter>Resource Files</Filter>
    </Image>
    <Image Include="res\setting.bmp">
      <Filter>Resource Files</Filter>
    </Image>
    <Image Include="res\about.bmp">
      <Filter>Resource Files</Filter>
    </Image>
    <Image Include="res\addroot.bmp">
      <Filter>Resource Files</Filter>
    </Image>
    <Image Include="res\filter.bmp">
      <Filter>Resource Files</Filter>
    </Image>
    <Image Include="res\goback.bmp">
      <Filter>Resource Files</Filter>
    </Image>
    <Image Include="res\film3d.bmp">
      <Filter>Resource Files</Filter>
    </Image>
    <Image Include="res\bg.bmp">
      <Filter>Resource Files</Filter>
    </Image>
    <Image Include="res\shadow-left.bmp">
      <Filter>Resource Files</Filter>
    </Image>
    <Image Include="res\update.bmp">
      <Filter>Resource Files</Filter>
    </Image>
    <Image Include="res\kinopoisk-mob.bmp">
      <Filter>Resource Files</Filter>
    </Image>
    <Image Include="res\cinemate.ico">
      <Filter>Resource Files</Filter>
    </Image>
    <Image Include="res\stars.bmp">
      <Filter>Resource Files</Filter>
    </Image>
    <Image Include="res\10.bmp">
      <Filter>Resource Files</Filter>
    </Image>
    <Image Include="res\order.bmp">
      <Filter>Resource Files</Filter>
    </Image>
    <Image Include="res\eyes.bmp">
      <Filter>Resource Files</Filter>
    </Image>
    <Image Include="res\clear.bmp">
      <Filter>Resource Files</Filter>
    </Image>
    <Image Include="res\main.bmp">
      <Filter>Resource Files</Filter>
    </Image>
    <Image Include="res\bg_description.bmp">
      <Filter>Resource Files</Filter>
    </Image>
    <Image Include="res\edit.bmp">
      <Filter>Resource Files</Filter>
    </Image>
    <Image Include="res\tooltip.bmp">
      <Filter>Resource Files</Filter>
    </Image>
    <Image Include="res\png1.png">
      <Filter>Resource Files</Filter>
    </Image>
    <Image Include="res\bg.png">
      <Filter>Resource Files</Filter>
    </Image>
    <Image Include="res\bg_description.png">
      <Filter>Resource Files</Filter>
    </Image>
    <Image Include="res\VideoCat.png">
      <Filter>Resource Files</Filter>
    </Image>
    <Image Include="res\selected.png">
      <Filter>Resource Files</Filter>
    </Image>
    <Image Include="res\stars.png">
      <Filter>Resource Files</Filter>
    </Image>
    <Image Include="res\goback.png">
      <Filter>Resource Files</Filter>
    </Image>
    <Image Include="res\folder.png">
      <Filter>Resource Files</Filter>
    </Image>
    <Image Include="res\tooltip.png">
      <Filter>Resource Files</Filter>
    </Image>
    <Image Include="res\10.png">
      <Filter>Resource Files</Filter>
    </Image>
    <Image Include="res\shadow-left.png">
      <Filter>Resource Files</Filter>
    </Image>
    <Image Include="res\tree_closed.bmp">
      <Filter>Resource Files</Filter>
    </Image>
    <Image Include="res\tree_opened.bmp">
      <Filter>Resource Files</Filter>
    </Image>
    <Image Include="res\default_bg.jpg">
      <Filter>Resource Files</Filter>
    </Image>
    <Image Include="res\icon3.ico">
      <Filter>Resource Files</Filter>
    </Image>
    <Image Include="res\selected_list.png">
      <Filter>Resource Files</Filter>
    </Image>
    <Image Include="res\tree.bmp">
      <Filter>Resource Files</Filter>
    </Image>
    <Image Include="res\recently.bmp">
      <Filter>Resource Files</Filter>
    </Image>
    <Image Include="res\SerialLogo.bmp">
      <Filter>Resource Files</Filter>
    </Image>
    <Image Include="res\noposter-small.bmp">
      <Filter>Resource Files</Filter>
    </Image>
    <Image Include="res\episode-small.bmp">
      <Filter>Resource Files</Filter>
    </Image>
    <Image Include="res\sad.bmp">
      <Filter>Resource Files</Filter>
    </Image>
    <Image Include="res\persons.bmp">
      <Filter>Resource Files</Filter>
    </Image>
    <Image Include="res\directories.bmp">
      <Filter>Resource Files</Filter>
    </Image>
    <Image Include="res\bitmap6.bmp">
      <Filter>Resource Files</Filter>
    </Image>
    <Image Include="res\help.bmp">
      <Filter>Resource Files</Filter>
    </Image>
    <Image Include="res\person.bmp">
      <Filter>Resource Files</Filter>
    </Image>
    <Image Include="res\buttons.bmp">
      <Filter>Resource Files</Filter>
    </Image>
    <Image Include="res\png4.png">
      <Filter>Resource Files</Filter>
    </Image>
    <Image Include="res\buttons.png">
      <Filter>Resource Files</Filter>
    </Image>
    <Image Include="res\plus.bmp">
      <Filter>Resource Files</Filter>
    </Image>
    <Image Include="res\minus.bmp">
      <Filter>Resource Files</Filter>
    </Image>
    <Image Include="res\save.bmp">
      <Filter>Resource Files</Filter>
    </Image>
    <Image Include="res\tag.bmp">
      <Filter>Resource Files</Filter>
    </Image>
    <Image Include="res\proxy.bmp">
      <Filter>Resource Files</Filter>
    </Image>
    <Image Include="res\folder_locked.png">
      <Filter>Resource Files</Filter>
    </Image>
    <Image Include="res\folder_user.png">
      <Filter>Resource Files</Filter>
    </Image>
    <Image Include="res\lock.bmp">
      <Filter>Resource Files</Filter>
    </Image>
    <Image Include="res\file.bmp">
      <Filter>Resource Files</Filter>
    </Image>
    <Image Include="res\url.bmp">
      <Filter>Resource Files</Filter>
    </Image>
    <Image Include="res\file_tree.bmp">
      <Filter>Resource Files</Filter>
    </Image>
    <Image Include="res\bitmap8.bmp">
      <Filter>Resource Files</Filter>
    </Image>
    <Image Include="res\arrow-lr.bmp">
      <Filter>Resource Files</Filter>
    </Image>
    <Image Include="res\rename.bmp">
      <Filter>Resource Files</Filter>
    </Image>
    <Image Include="res\film.bmp">
      <Filter>Resource Files</Filter>
    </Image>
    <Image Include="res\find.bmp">
      <Filter>Resource Files</Filter>
    </Image>
    <Image Include="res\plugin.bmp">
      <Filter>Resource Files</Filter>
    </Image>
    <Image Include="res\root_cat.bmp">
      <Filter>Resource Files</Filter>
    </Image>
    <Image Include="res\setting_cat.bmp">
      <Filter>Resource Files</Filter>
    </Image>
    <Image Include="res\qr-code.bmp">
      <Filter>Resource Files</Filter>
    </Image>
    <Image Include="res\view_settings_16.bmp">
      <Filter>Resource Files</Filter>
    </Image>
    <Image Include="res\down.bmp">
      <Filter>Resource Files</Filter>
    </Image>
    <Image Include="res\up.bmp">
      <Filter>Resource Files</Filter>
    </Image>
    <Image Include="res\png5.png">
      <Filter>Resource Files</Filter>
    </Image>
    <Image Include="res\icon-map.png">
      <Filter>Resource Files</Filter>
    </Image>
    <Image Include="res\tile_shadow.png">
      <Filter>Resource Files</Filter>
    </Image>
    <Image Include="res\buy.ico">
      <Filter>Resource Files</Filter>
    </Image>
    <Image Include="res\VK.ico">
      <Filter>Resource Files</Filter>
    </Image>
    <Image Include="res\empty_16.bmp">
      <Filter>Resource Files</Filter>
    </Image>
    <Image Include="res\tree.png">
      <Filter>Resource Files</Filter>
    </Image>
    <Image Include="res\rating.png">
      <Filter>Resource Files</Filter>
    </Image>
    <Image Include="res\noposter.png">
      <Filter>Resource Files</Filter>
    </Image>
    <Image Include="res\noposter-small.png">
      <Filter>Resource Files</Filter>
    </Image>
    <Image Include="res\episode-small.png">
      <Filter>Resource Files</Filter>
    </Image>
    <Image Include="res\scrollbar.bmp">
      <Filter>Resource Files</Filter>
    </Image>
    <Image Include="res\icon4.ico">
      <Filter>Resource Files</Filter>
    </Image>
    <Image Include="res\icon6.ico">
      <Filter>Resource Files</Filter>
    </Image>
    <Image Include="res\folder.ico">
      <Filter>Resource Files</Filter>
    </Image>
    <Image Include="res\database.ico">
      <Filter>Resource Files</Filter>
    </Image>
    <Image Include="res\keyboard.bmp">
      <Filter>Resource Files</Filter>
    </Image>
    <Image Include="res\color_theme.bmp">
      <Filter>Resource Files</Filter>
    </Image>
    <Image Include="res\shareware.png">
      <Filter>Resource Files</Filter>
    </Image>
  </ItemGroup>
  <ItemGroup>
    <None Include="res\VideoCat.rc2">
      <Filter>Resource Files</Filter>
    </None>
    <None Include="res\text1.bin">
      <Filter>Resource Files</Filter>
    </None>
    <None Include="json\json_valueiterator.inl">
      <Filter>Header Files</Filter>
    </None>
    <None Include="cpp.hint" />
    <None Include="packages.config" />
  </ItemGroup>
  <ItemGroup>
    <Text Include="res\chart.txt" />
  </ItemGroup>
  <ItemGroup>
    <Natvis Include="$(MSBuildThisFileDirectory)..\..\natvis\wil.natvis" />
  </ItemGroup>
</Project>